
Microsoft Visual Studio Solution File, Format Version 12.00
# Visual Studio Version 16
VisualStudioVersion = 16.0.32002.261
MinimumVisualStudioVersion = 10.0.40219.1
Project("{FAE04EC0-301F-11D3-BF4B-00C04F79EFBC}") = "VerivoxTariffComparison", "VerivoxTariffComparison\VerivoxTariffComparison.csproj", "{A770B1F2-E2B9-4BC2-AAB3-AB87088F3655}"
EndProject
Global
	GlobalSection(SolutionConfigurationPlatforms) = preSolution
		Debug|Any CPU = Debug|Any CPU
		Release|Any CPU = Release|Any CPU
	EndGlobalSection
	GlobalSection(ProjectConfigurationPlatforms) = postSolution
		{A770B1F2-E2B9-4BC2-AAB3-AB87088F3655}.Debug|Any CPU.ActiveCfg = Debug|Any CPU
		{A770B1F2-E2B9-4BC2-AAB3-AB87088F3655}.Debug|Any CPU.Build.0 = Debug|Any CPU
		{A770B1F2-E2B9-4BC2-AAB3-AB87088F3655}.Release|Any CPU.ActiveCfg = Release|Any CPU
		{A770B1F2-E2B9-4BC2-AAB3-AB87088F3655}.Release|Any CPU.Build.0 = Release|Any CPU
	EndGlobalSection
	GlobalSection(SolutionProperties) = preSolution
		HideSolutionNode = FALSE
	EndGlobalSection
	GlobalSection(ExtensibilityGlobals) = postSolution
		SolutionGuid = {BCC25279-DF63-4C64-92B6-AAC1DEBE49DE}
	EndGlobalSection
EndGlobal
